
Microsoft Visual Studio Solution File, Format Version 12.00
# Visual Studio Version 17
VisualStudioVersion = 17.4.33213.308
MinimumVisualStudioVersion = 10.0.40219.1
Project("{9A19103F-16F7-4668-BE54-9A1E7A4F7556}") = "TesteUnidas", "..\..\..\Modelos\GitRepository\Solution_TesteUnidas\TesteUnidas\TesteUnidas.csproj", "{84BB5CC2-4F2E-4419-8AC8-5A4D2B64BE90}"
EndProject
Project("{9A19103F-16F7-4668-BE54-9A1E7A4F7556}") = "TestUnidasTest", "..\..\..\Modelos\GitRepository\Solution_TesteUnidas\TesteUnidasTest\TestUnidasTest.csproj", "{97E3361C-B3FF-4D99-AAF0-FFD5671F48C3}"
EndProject
Global
	GlobalSection(SolutionConfigurationPlatforms) = preSolution
		Debug|Any CPU = Debug|Any CPU
		Release|Any CPU = Release|Any CPU
	EndGlobalSection
	GlobalSection(ProjectConfigurationPlatforms) = postSolution
		{84BB5CC2-4F2E-4419-8AC8-5A4D2B64BE90}.Debug|Any CPU.ActiveCfg = Debug|Any CPU
		{84BB5CC2-4F2E-4419-8AC8-5A4D2B64BE90}.Debug|Any CPU.Build.0 = Debug|Any CPU
		{84BB5CC2-4F2E-4419-8AC8-5A4D2B64BE90}.Release|Any CPU.ActiveCfg = Release|Any CPU
		{84BB5CC2-4F2E-4419-8AC8-5A4D2B64BE90}.Release|Any CPU.Build.0 = Release|Any CPU
		{97E3361C-B3FF-4D99-AAF0-FFD5671F48C3}.Debug|Any CPU.ActiveCfg = Debug|Any CPU
		{97E3361C-B3FF-4D99-AAF0-FFD5671F48C3}.Debug|Any CPU.Build.0 = Debug|Any CPU
		{97E3361C-B3FF-4D99-AAF0-FFD5671F48C3}.Release|Any CPU.ActiveCfg = Release|Any CPU
		{97E3361C-B3FF-4D99-AAF0-FFD5671F48C3}.Release|Any CPU.Build.0 = Release|Any CPU
	EndGlobalSection
	GlobalSection(SolutionProperties) = preSolution
		HideSolutionNode = FALSE
	EndGlobalSection
	GlobalSection(ExtensibilityGlobals) = postSolution
		SolutionGuid = {8AC0115B-310B-438D-8801-4589AD45CC3A}
	EndGlobalSection
EndGlobal
